
Microsoft Visual Studio Solution File, Format Version 12.00
# Visual Studio Version 16
VisualStudioVersion = 16.0.31829.152
MinimumVisualStudioVersion = 10.0.40219.1
Project("{FAE04EC0-301F-11D3-BF4B-00C04F79EFBC}") = "Progect", "Progect\Progect.csproj", "{BB06483D-154C-42DB-91ED-BA4E67CC406E}"
EndProject
Global
	GlobalSection(SolutionConfigurationPlatforms) = preSolution
		Debug|Any CPU = Debug|Any CPU
		Release|Any CPU = Release|Any CPU
	EndGlobalSection
	GlobalSection(ProjectConfigurationPlatforms) = postSolution
		{BB06483D-154C-42DB-91ED-BA4E67CC406E}.Debug|Any CPU.ActiveCfg = Debug|Any CPU
		{BB06483D-154C-42DB-91ED-BA4E67CC406E}.Debug|Any CPU.Build.0 = Debug|Any CPU
		{BB06483D-154C-42DB-91ED-BA4E67CC406E}.Release|Any CPU.ActiveCfg = Release|Any CPU
		{BB06483D-154C-42DB-91ED-BA4E67CC406E}.Release|Any CPU.Build.0 = Release|Any CPU
	EndGlobalSection
	GlobalSection(SolutionProperties) = preSolution
		HideSolutionNode = FALSE
	EndGlobalSection
	GlobalSection(ExtensibilityGlobals) = postSolution
		SolutionGuid = {94A1EA96-D264-4687-A971-76F74F38C1CA}
	EndGlobalSection
EndGlobal
